// !$*UTF8*$!
{
	archiveVersion = 1;
	classes = {
	};
	objectVersion = 50;
	objects = {

/* Begin PBXBuildFile section */
		0C5ACB98AE0591B9BB3095C4 /* libPods-Workmate.a in Frameworks */ = {isa = PBXBuildFile; fileRef = D4E8E23894094D8F77C94806 /* libPods-Workmate.a */; };
		4257C9E1240C0FBD00B24B24 /* AppDelegate.swift in Sources */ = {isa = PBXBuildFile; fileRef = 4257C9E0240C0FBD00B24B24 /* AppDelegate.swift */; };
		4257C9E3240C0FBD00B24B24 /* SceneDelegate.swift in Sources */ = {isa = PBXBuildFile; fileRef = 4257C9E2240C0FBD00B24B24 /* SceneDelegate.swift */; };
		4257C9E8240C0FBD00B24B24 /* Main.storyboard in Resources */ = {isa = PBXBuildFile; fileRef = 4257C9E6240C0FBD00B24B24 /* Main.storyboard */; };
		4257C9EA240C0FBE00B24B24 /* Assets.xcassets in Resources */ = {isa = PBXBuildFile; fileRef = 4257C9E9240C0FBE00B24B24 /* Assets.xcassets */; };
		4257C9ED240C0FBE00B24B24 /* LaunchScreen.storyboard in Resources */ = {isa = PBXBuildFile; fileRef = 4257C9EB240C0FBE00B24B24 /* LaunchScreen.storyboard */; };
		4257C9F8240C0FBE00B24B24 /* WorkmateTests.swift in Sources */ = {isa = PBXBuildFile; fileRef = 4257C9F7240C0FBE00B24B24 /* WorkmateTests.swift */; };
		4257CA18240C11D700B24B24 /* WorkerController.swift in Sources */ = {isa = PBXBuildFile; fileRef = 4257CA17240C11D700B24B24 /* WorkerController.swift */; };
		4257CA1B240C12B900B24B24 /* Network.swift in Sources */ = {isa = PBXBuildFile; fileRef = 4257CA1A240C12B900B24B24 /* Network.swift */; };
		4257CA1F240C17A300B24B24 /* Constants.swift in Sources */ = {isa = PBXBuildFile; fileRef = 4257CA1E240C17A300B24B24 /* Constants.swift */; };
		4257CA21240C194200B24B24 /* WebServices.swift in Sources */ = {isa = PBXBuildFile; fileRef = 4257CA20240C194200B24B24 /* WebServices.swift */; };
/* End PBXBuildFile section */

/* Begin PBXContainerItemProxy section */
		4257C9F4240C0FBE00B24B24 /* PBXContainerItemProxy */ = {
			isa = PBXContainerItemProxy;
			containerPortal = 4257C9D5240C0FBD00B24B24 /* Project object */;
			proxyType = 1;
			remoteGlobalIDString = 4257C9DC240C0FBD00B24B24;
			remoteInfo = Workmate;
		};
/* End PBXContainerItemProxy section */

/* Begin PBXFileReference section */
		290613E9BBA8CBCC797B9B85 /* Pods-Workmate.release.xcconfig */ = {isa = PBXFileReference; includeInIndex = 1; lastKnownFileType = text.xcconfig; name = "Pods-Workmate.release.xcconfig"; path = "Target Support Files/Pods-Workmate/Pods-Workmate.release.xcconfig"; sourceTree = "<group>"; };
		4257C9DD240C0FBD00B24B24 /* Workmate.app */ = {isa = PBXFileReference; explicitFileType = wrapper.application; includeInIndex = 0; path = Workmate.app; sourceTree = BUILT_PRODUCTS_DIR; };
		4257C9E0240C0FBD00B24B24 /* AppDelegate.swift */ = {isa = PBXFileReference; lastKnownFileType = sourcecode.swift; path = AppDelegate.swift; sourceTree = "<group>"; };
		4257C9E2240C0FBD00B24B24 /* SceneDelegate.swift */ = {isa = PBXFileReference; lastKnownFileType = sourcecode.swift; path = SceneDelegate.swift; sourceTree = "<group>"; };
		4257C9E7240C0FBD00B24B24 /* Base */ = {isa = PBXFileReference; lastKnownFileType = file.storyboard; name = Base; path = Base.lproj/Main.storyboard; sourceTree = "<group>"; };
		4257C9E9240C0FBE00B24B24 /* Assets.xcassets */ = {isa = PBXFileReference; lastKnownFileType = folder.assetcatalog; path = Assets.xcassets; sourceTree = "<group>"; };
		4257C9EC240C0FBE00B24B24 /* Base */ = {isa = PBXFileReference; lastKnownFileType = file.storyboard; name = Base; path = Base.lproj/LaunchScreen.storyboard; sourceTree = "<group>"; };
		4257C9EE240C0FBE00B24B24 /* Info.plist */ = {isa = PBXFileReference; lastKnownFileType = text.plist.xml; path = Info.plist; sourceTree = "<group>"; };
		4257C9F3240C0FBE00B24B24 /* WorkmateTests.xctest */ = {isa = PBXFileReference; explicitFileType = wrapper.cfbundle; includeInIndex = 0; path = WorkmateTests.xctest; sourceTree = BUILT_PRODUCTS_DIR; };
		4257C9F7240C0FBE00B24B24 /* WorkmateTests.swift */ = {isa = PBXFileReference; lastKnownFileType = sourcecode.swift; path = WorkmateTests.swift; sourceTree = "<group>"; };
		4257C9F9240C0FBE00B24B24 /* Info.plist */ = {isa = PBXFileReference; lastKnownFileType = text.plist.xml; path = Info.plist; sourceTree = "<group>"; };
		4257CA17240C11D700B24B24 /* WorkerController.swift */ = {isa = PBXFileReference; fileEncoding = 4; lastKnownFileType = sourcecode.swift; path = WorkerController.swift; sourceTree = "<group>"; };
		4257CA1A240C12B900B24B24 /* Network.swift */ = {isa = PBXFileReference; lastKnownFileType = sourcecode.swift; path = Network.swift; sourceTree = "<group>"; };
		4257CA1E240C17A300B24B24 /* Constants.swift */ = {isa = PBXFileReference; lastKnownFileType = sourcecode.swift; path = Constants.swift; sourceTree = "<group>"; };
		4257CA20240C194200B24B24 /* WebServices.swift */ = {isa = PBXFileReference; lastKnownFileType = sourcecode.swift; path = WebServices.swift; sourceTree = "<group>"; };
		4257CA22240C216400B24B24 /* Workmate-Bridging-Header.h */ = {isa = PBXFileReference; lastKnownFileType = sourcecode.c.h; path = "Workmate-Bridging-Header.h"; sourceTree = "<group>"; };
		AF6469986907FC871F15971B /* Pods-Workmate.debug.xcconfig */ = {isa = PBXFileReference; includeInIndex = 1; lastKnownFileType = text.xcconfig; name = "Pods-Workmate.debug.xcconfig"; path = "Target Support Files/Pods-Workmate/Pods-Workmate.debug.xcconfig"; sourceTree = "<group>"; };
		D4E8E23894094D8F77C94806 /* libPods-Workmate.a */ = {isa = PBXFileReference; explicitFileType = archive.ar; includeInIndex = 0; path = "libPods-Workmate.a"; sourceTree = BUILT_PRODUCTS_DIR; };
/* End PBXFileReference section */

/* Begin PBXFrameworksBuildPhase section */
		4257C9DA240C0FBD00B24B24 /* Frameworks */ = {
			isa = PBXFrameworksBuildPhase;
			buildActionMask = 2147483647;
			files = (
				0C5ACB98AE0591B9BB3095C4 /* libPods-Workmate.a in Frameworks */,
			);
			runOnlyForDeploymentPostprocessing = 0;
		};
		4257C9F0240C0FBE00B24B24 /* Frameworks */ = {
			isa = PBXFrameworksBuildPhase;
			buildActionMask = 2147483647;
			files = (
			);
			runOnlyForDeploymentPostprocessing = 0;
		};
/* End PBXFrameworksBuildPhase section */

/* Begin PBXGroup section */
		4257C9D4240C0FBD00B24B24 = {
			isa = PBXGroup;
			children = (
				4257CA22240C216400B24B24 /* Workmate-Bridging-Header.h */,
				4257C9DF240C0FBD00B24B24 /* Workmate */,
				4257C9F6240C0FBE00B24B24 /* WorkmateTests */,
				4257C9DE240C0FBD00B24B24 /* Products */,
				BB5A723B2C97DE02B3DBFB8D /* Pods */,
				FB006E7E7EEAF7C128C6718B /* Frameworks */,
			);
			sourceTree = "<group>";
		};
		4257C9DE240C0FBD00B24B24 /* Products */ = {
			isa = PBXGroup;
			children = (
				4257C9DD240C0FBD00B24B24 /* Workmate.app */,
				4257C9F3240C0FBE00B24B24 /* WorkmateTests.xctest */,
			);
			name = Products;
			sourceTree = "<group>";
		};
		4257C9DF240C0FBD00B24B24 /* Workmate */ = {
			isa = PBXGroup;
			children = (
				4257C9E0240C0FBD00B24B24 /* AppDelegate.swift */,
				4257C9E2240C0FBD00B24B24 /* SceneDelegate.swift */,
				4257CA1E240C17A300B24B24 /* Constants.swift */,
				4257CA19240C12A800B24B24 /* Model */,
				4257CA16240C11D700B24B24 /* Controller */,
				4257C9E6240C0FBD00B24B24 /* Main.storyboard */,
				4257C9E9240C0FBE00B24B24 /* Assets.xcassets */,
				4257C9EB240C0FBE00B24B24 /* LaunchScreen.storyboard */,
				4257C9EE240C0FBE00B24B24 /* Info.plist */,
			);
			path = Workmate;
			sourceTree = "<group>";
		};
		4257C9F6240C0FBE00B24B24 /* WorkmateTests */ = {
			isa = PBXGroup;
			children = (
				4257C9F7240C0FBE00B24B24 /* WorkmateTests.swift */,
				4257C9F9240C0FBE00B24B24 /* Info.plist */,
			);
			path = WorkmateTests;
			sourceTree = "<group>";
		};
		4257CA16240C11D700B24B24 /* Controller */ = {
			isa = PBXGroup;
			children = (
				4257CA17240C11D700B24B24 /* WorkerController.swift */,
			);
			path = Controller;
			sourceTree = "<group>";
		};
		4257CA19240C12A800B24B24 /* Model */ = {
			isa = PBXGroup;
			children = (
				4257CA1A240C12B900B24B24 /* Network.swift */,
				4257CA20240C194200B24B24 /* WebServices.swift */,
			);
			path = Model;
			sourceTree = "<group>";
		};
		BB5A723B2C97DE02B3DBFB8D /* Pods */ = {
			isa = PBXGroup;
			children = (
				AF6469986907FC871F15971B /* Pods-Workmate.debug.xcconfig */,
				290613E9BBA8CBCC797B9B85 /* Pods-Workmate.release.xcconfig */,
			);
			path = Pods;
			sourceTree = "<group>";
		};
		FB006E7E7EEAF7C128C6718B /* Frameworks */ = {
			isa = PBXGroup;
			children = (
				D4E8E23894094D8F77C94806 /* libPods-Workmate.a */,
			);
			name = Frameworks;
			sourceTree = "<group>";
		};
/* End PBXGroup section */

/* Begin PBXNativeTarget section */
		4257C9DC240C0FBD00B24B24 /* Workmate */ = {
			isa = PBXNativeTarget;
			buildConfigurationList = 4257C9FC240C0FBE00B24B24 /* Build configuration list for PBXNativeTarget "Workmate" */;
			buildPhases = (
				B5C76AF5618DE1554C73A71C /* [CP] Check Pods Manifest.lock */,
				4257C9D9240C0FBD00B24B24 /* Sources */,
				4257C9DA240C0FBD00B24B24 /* Frameworks */,
				4257C9DB240C0FBD00B24B24 /* Resources */,
			);
			buildRules = (
			);
			dependencies = (
			);
			name = Workmate;
			productName = Workmate;
			productReference = 4257C9DD240C0FBD00B24B24 /* Workmate.app */;
			productType = "com.apple.product-type.application";
		};
		4257C9F2240C0FBE00B24B24 /* WorkmateTests */ = {
			isa = PBXNativeTarget;
			buildConfigurationList = 4257C9FF240C0FBE00B24B24 /* Build configuration list for PBXNativeTarget "WorkmateTests" */;
			buildPhases = (
				4257C9EF240C0FBE00B24B24 /* Sources */,
				4257C9F0240C0FBE00B24B24 /* Frameworks */,
				4257C9F1240C0FBE00B24B24 /* Resources */,
			);
			buildRules = (
			);
			dependencies = (
				4257C9F5240C0FBE00B24B24 /* PBXTargetDependency */,
			);
			name = WorkmateTests;
			productName = WorkmateTests;
			productReference = 4257C9F3240C0FBE00B24B24 /* WorkmateTests.xctest */;
			productType = "com.apple.product-type.bundle.unit-test";
		};
/* End PBXNativeTarget section */

/* Begin PBXProject section */
		4257C9D5240C0FBD00B24B24 /* Project object */ = {
			isa = PBXProject;
			attributes = {
				LastSwiftUpdateCheck = 1130;
				LastUpgradeCheck = 1130;
				ORGANIZATIONNAME = Workmate;
				TargetAttributes = {
					4257C9DC240C0FBD00B24B24 = {
						CreatedOnToolsVersion = 11.3;
					};
					4257C9F2240C0FBE00B24B24 = {
						CreatedOnToolsVersion = 11.3;
						TestTargetID = 4257C9DC240C0FBD00B24B24;
					};
				};
			};
			buildConfigurationList = 4257C9D8240C0FBD00B24B24 /* Build configuration list for PBXProject "Workmate" */;
			compatibilityVersion = "Xcode 9.3";
			developmentRegion = en;
			hasScannedForEncodings = 0;
			knownRegions = (
				en,
				Base,
			);
			mainGroup = 4257C9D4240C0FBD00B24B24;
			productRefGroup = 4257C9DE240C0FBD00B24B24 /* Products */;
			projectDirPath = "";
			projectRoot = "";
			targets = (
				4257C9DC240C0FBD00B24B24 /* Workmate */,
				4257C9F2240C0FBE00B24B24 /* WorkmateTests */,
			);
		};
/* End PBXProject section */

/* Begin PBXResourcesBuildPhase section */
		4257C9DB240C0FBD00B24B24 /* Resources */ = {
			isa = PBXResourcesBuildPhase;
			buildActionMask = 2147483647;
			files = (
				4257C9ED240C0FBE00B24B24 /* LaunchScreen.storyboard in Resources */,
				4257C9EA240C0FBE00B24B24 /* Assets.xcassets in Resources */,
				4257C9E8240C0FBD00B24B24 /* Main.storyboard in Resources */,
			);
			runOnlyForDeploymentPostprocessing = 0;
		};
		4257C9F1240C0FBE00B24B24 /* Resources */ = {
			isa = PBXResourcesBuildPhase;
			buildActionMask = 2147483647;
			files = (
			);
			runOnlyForDeploymentPostprocessing = 0;
		};
/* End PBXResourcesBuildPhase section */

/* Begin PBXShellScriptBuildPhase section */
		B5C76AF5618DE1554C73A71C /* [CP] Check Pods Manifest.lock */ = {
			isa = PBXShellScriptBuildPhase;
			buildActionMask = 2147483647;
			files = (
			);
			inputFileListPaths = (
			);
			inputPaths = (
				"${PODS_PODFILE_DIR_PATH}/Podfile.lock",
				"${PODS_ROOT}/Manifest.lock",
			);
			name = "[CP] Check Pods Manifest.lock";
			outputFileListPaths = (
			);
			outputPaths = (
				"$(DERIVED_FILE_DIR)/Pods-Workmate-checkManifestLockResult.txt",
			);
			runOnlyForDeploymentPostprocessing = 0;
			shellPath = /bin/sh;
			shellScript = "diff \"${PODS_PODFILE_DIR_PATH}/Podfile.lock\" \"${PODS_ROOT}/Manifest.lock\" > /dev/null\nif [ $? != 0 ] ; then\n    # print error to STDERR\n    echo \"error: The sandbox is not in sync with the Podfile.lock. Run 'pod install' or update your CocoaPods installation.\" >&2\n    exit 1\nfi\n# This output is used by Xcode 'outputs' to avoid re-running this script phase.\necho \"SUCCESS\" > \"${SCRIPT_OUTPUT_FILE_0}\"\n";
			showEnvVarsInLog = 0;
		};
/* End PBXShellScriptBuildPhase section */

/* Begin PBXSourcesBuildPhase section */
		4257C9D9240C0FBD00B24B24 /* Sources */ = {
			isa = PBXSourcesBuildPhase;
			buildActionMask = 2147483647;
			files = (
				4257CA1F240C17A300B24B24 /* Constants.swift in Sources */,
				4257CA18240C11D700B24B24 /* WorkerController.swift in Sources */,
				4257CA21240C194200B24B24 /* WebServices.swift in Sources */,
				4257C9E1240C0FBD00B24B24 /* AppDelegate.swift in Sources */,
				4257CA1B240C12B900B24B24 /* Network.swift in Sources */,
				4257C9E3240C0FBD00B24B24 /* SceneDelegate.swift in Sources */,
			);
			runOnlyForDeploymentPostprocessing = 0;
		};
		4257C9EF240C0FBE00B24B24 /* Sources */ = {
			isa = PBXSourcesBuildPhase;
			buildActionMask = 2147483647;
			files = (
				4257C9F8240C0FBE00B24B24 /* WorkmateTests.swift in Sources */,
			);
			runOnlyForDeploymentPostprocessing = 0;
		};
/* End PBXSourcesBuildPhase section */

/* Begin PBXTargetDependency section */
		4257C9F5240C0FBE00B24B24 /* PBXTargetDependency */ = {
			isa = PBXTargetDependency;
			target = 4257C9DC240C0FBD00B24B24 /* Workmate */;
			targetProxy = 4257C9F4240C0FBE00B24B24 /* PBXContainerItemProxy */;
		};
/* End PBXTargetDependency section */

/* Begin PBXVariantGroup section */
		4257C9E6240C0FBD00B24B24 /* Main.storyboard */ = {
			isa = PBXVariantGroup;
			children = (
				4257C9E7240C0FBD00B24B24 /* Base */,
			);
			name = Main.storyboard;
			sourceTree = "<group>";
		};
		4257C9EB240C0FBE00B24B24 /* LaunchScreen.storyboard */ = {
			isa = PBXVariantGroup;
			children = (
				4257C9EC240C0FBE00B24B24 /* Base */,
			);
			name = LaunchScreen.storyboard;
			sourceTree = "<group>";
		};
/* End PBXVariantGroup section */

/* Begin XCBuildConfiguration section */
		4257C9FA240C0FBE00B24B24 /* Debug */ = {
			isa = XCBuildConfiguration;
			buildSettings = {
				ALWAYS_SEARCH_USER_PATHS = NO;
				CLANG_ANALYZER_NONNULL = YES;
				CLANG_ANALYZER_NUMBER_OBJECT_CONVERSION = YES_AGGRESSIVE;
				CLANG_CXX_LANGUAGE_STANDARD = "gnu++14";
				CLANG_CXX_LIBRARY = "libc++";
				CLANG_ENABLE_MODULES = YES;
				CLANG_ENABLE_OBJC_ARC = YES;
				CLANG_ENABLE_OBJC_WEAK = YES;
				CLANG_WARN_BLOCK_CAPTURE_AUTORELEASING = YES;
				CLANG_WARN_BOOL_CONVERSION = YES;
				CLANG_WARN_COMMA = YES;
				CLANG_WARN_CONSTANT_CONVERSION = YES;
				CLANG_WARN_DEPRECATED_OBJC_IMPLEMENTATIONS = YES;
				CLANG_WARN_DIRECT_OBJC_ISA_USAGE = YES_ERROR;
				CLANG_WARN_DOCUMENTATION_COMMENTS = YES;
				CLANG_WARN_EMPTY_BODY = YES;
				CLANG_WARN_ENUM_CONVERSION = YES;
				CLANG_WARN_INFINITE_RECURSION = YES;
				CLANG_WARN_INT_CONVERSION = YES;
				CLANG_WARN_NON_LITERAL_NULL_CONVERSION = YES;
				CLANG_WARN_OBJC_IMPLICIT_RETAIN_SELF = YES;
				CLANG_WARN_OBJC_LITERAL_CONVERSION = YES;
				CLANG_WARN_OBJC_ROOT_CLASS = YES_ERROR;
				CLANG_WARN_RANGE_LOOP_ANALYSIS = YES;
				CLANG_WARN_STRICT_PROTOTYPES = YES;
				CLANG_WARN_SUSPICIOUS_MOVE = YES;
				CLANG_WARN_UNGUARDED_AVAILABILITY = YES_AGGRESSIVE;
				CLANG_WARN_UNREACHABLE_CODE = YES;
				CLANG_WARN__DUPLICATE_METHOD_MATCH = YES;
				COPY_PHASE_STRIP = NO;
				DEBUG_INFORMATION_FORMAT = dwarf;
				ENABLE_STRICT_OBJC_MSGSEND = YES;
				ENABLE_TESTABILITY = YES;
				GCC_C_LANGUAGE_STANDARD = gnu11;
				GCC_DYNAMIC_NO_PIC = NO;
				GCC_NO_COMMON_BLOCKS = YES;
				GCC_OPTIMIZATION_LEVEL = 0;
				GCC_PREPROCESSOR_DEFINITIONS = (
					"DEBUG=1",
					"$(inherited)",
				);
				GCC_WARN_64_TO_32_BIT_CONVERSION = YES;
				GCC_WARN_ABOUT_RETURN_TYPE = YES_ERROR;
				GCC_WARN_UNDECLARED_SELECTOR = YES;
				GCC_WARN_UNINITIALIZED_AUTOS = YES_AGGRESSIVE;
				GCC_WARN_UNUSED_FUNCTION = YES;
				GCC_WARN_UNUSED_VARIABLE = YES;
				IPHONEOS_DEPLOYMENT_TARGET = 13.2;
				MTL_ENABLE_DEBUG_INFO = INCLUDE_SOURCE;
				MTL_FAST_MATH = YES;
				ONLY_ACTIVE_ARCH = YES;
				SDKROOT = iphoneos;
				SWIFT_ACTIVE_COMPILATION_CONDITIONS = DEBUG;
				SWIFT_OPTIMIZATION_LEVEL = "-Onone";
			};
			name = Debug;
		};
		4257C9FB240C0FBE00B24B24 /* Release */ = {
			isa = XCBuildConfiguration;
			buildSettings = {
				ALWAYS_SEARCH_USER_PATHS = NO;
				CLANG_ANALYZER_NONNULL = YES;
				CLANG_ANALYZER_NUMBER_OBJECT_CONVERSION = YES_AGGRESSIVE;
				CLANG_CXX_LANGUAGE_STANDARD = "gnu++14";
				CLANG_CXX_LIBRARY = "libc++";
				CLANG_ENABLE_MODULES = YES;
				CLANG_ENABLE_OBJC_ARC = YES;
				CLANG_ENABLE_OBJC_WEAK = YES;
				CLANG_WARN_BLOCK_CAPTURE_AUTORELEASING = YES;
				CLANG_WARN_BOOL_CONVERSION = YES;
				CLANG_WARN_COMMA = YES;
				CLANG_WARN_CONSTANT_CONVERSION = YES;
				CLANG_WARN_DEPRECATED_OBJC_IMPLEMENTATIONS = YES;
				CLANG_WARN_DIRECT_OBJC_ISA_USAGE = YES_ERROR;
				CLANG_WARN_DOCUMENTATION_COMMENTS = YES;
				CLANG_WARN_EMPTY_BODY = YES;
				CLANG_WARN_ENUM_CONVERSION = YES;
				CLANG_WARN_INFINITE_RECURSION = YES;
				CLANG_WARN_INT_CONVERSION = YES;
				CLANG_WARN_NON_LITERAL_NULL_CONVERSION = YES;
				CLANG_WARN_OBJC_IMPLICIT_RETAIN_SELF = YES;
				CLANG_WARN_OBJC_LITERAL_CONVERSION = YES;
				CLANG_WARN_OBJC_ROOT_CLASS = YES_ERROR;
				CLANG_WARN_RANGE_LOOP_ANALYSIS = YES;
				CLANG_WARN_STRICT_PROTOTYPES = YES;
				CLANG_WARN_SUSPICIOUS_MOVE = YES;
				CLANG_WARN_UNGUARDED_AVAILABILITY = YES_AGGRESSIVE;
				CLANG_WARN_UNREACHABLE_CODE = YES;
				CLANG_WARN__DUPLICATE_METHOD_MATCH = YES;
				COPY_PHASE_STRIP = NO;
				DEBUG_INFORMATION_FORMAT = "dwarf-with-dsym";
				ENABLE_NS_ASSERTIONS = NO;
				ENABLE_STRICT_OBJC_MSGSEND = YES;
				GCC_C_LANGUAGE_STANDARD = gnu11;
				GCC_NO_COMMON_BLOCKS = YES;
				GCC_WARN_64_TO_32_BIT_CONVERSION = YES;
				GCC_WARN_ABOUT_RETURN_TYPE = YES_ERROR;
				GCC_WARN_UNDECLARED_SELECTOR = YES;
				GCC_WARN_UNINITIALIZED_AUTOS = YES_AGGRESSIVE;
				GCC_WARN_UNUSED_FUNCTION = YES;
				GCC_WARN_UNUSED_VARIABLE = YES;
				IPHONEOS_DEPLOYMENT_TARGET = 13.2;
				MTL_ENABLE_DEBUG_INFO = NO;
				MTL_FAST_MATH = YES;
				SDKROOT = iphoneos;
				SWIFT_COMPILATION_MODE = wholemodule;
				SWIFT_OPTIMIZATION_LEVEL = "-O";
				VALIDATE_PRODUCT = YES;
			};
			name = Release;
		};
		4257C9FD240C0FBE00B24B24 /* Debug */ = {
			isa = XCBuildConfiguration;
			baseConfigurationReference = AF6469986907FC871F15971B /* Pods-Workmate.debug.xcconfig */;
			buildSettings = {
				ASSETCATALOG_COMPILER_APPICON_NAME = AppIcon;
				CODE_SIGN_STYLE = Automatic;
				INFOPLIST_FILE = Workmate/Info.plist;
				LD_RUNPATH_SEARCH_PATHS = (
					"$(inherited)",
					"@executable_path/Frameworks",
				);
				PRODUCT_BUNDLE_IDENTIFIER = com.workmate.dev.Workmate;
				PRODUCT_NAME = "$(TARGET_NAME)";
				SWIFT_OBJC_BRIDGING_HEADER = "Workmate-Bridging-Header.h";
				SWIFT_VERSION = 5.0;
				TARGETED_DEVICE_FAMILY = "1,2";
			};
			name = Debug;
		};
		4257C9FE240C0FBE00B24B24 /* Release */ = {
			isa = XCBuildConfiguration;
			baseConfigurationReference = 290613E9BBA8CBCC797B9B85 /* Pods-Workmate.release.xcconfig */;
			buildSettings = {
				ASSETCATALOG_COMPILER_APPICON_NAME = AppIcon;
				CODE_SIGN_STYLE = Automatic;
				INFOPLIST_FILE = Workmate/Info.plist;
				LD_RUNPATH_SEARCH_PATHS = (
					"$(inherited)",
					"@executable_path/Frameworks",
				);
				PRODUCT_BUNDLE_IDENTIFIER = com.workmate.dev.Workmate;
				PRODUCT_NAME = "$(TARGET_NAME)";
				SWIFT_OBJC_BRIDGING_HEADER = "Workmate-Bridging-Header.h";
				SWIFT_VERSION = 5.0;
				TARGETED_DEVICE_FAMILY = "1,2";
			};
			name = Release;
		};
		4257CA00240C0FBE00B24B24 /* Debug */ = {
			isa = XCBuildConfiguration;
			buildSettings = {
				ALWAYS_EMBED_SWIFT_STANDARD_LIBRARIES = YES;
				BUNDLE_LOADER = "$(TEST_HOST)";
				CODE_SIGN_STYLE = Automatic;
				INFOPLIST_FILE = WorkmateTests/Info.plist;
				IPHONEOS_DEPLOYMENT_TARGET = 13.2;
				LD_RUNPATH_SEARCH_PATHS = (
					"$(inherited)",
					"@executable_path/Frameworks",
					"@loader_path/Frameworks",
				);
				PRODUCT_BUNDLE_IDENTIFIER = com.workmate.dev.WorkmateTests;
				PRODUCT_NAME = "$(TARGET_NAME)";
				SWIFT_VERSION = 5.0;
				TARGETED_DEVICE_FAMILY = "1,2";
				TEST_HOST = "$(BUILT_PRODUCTS_DIR)/Workmate.app/Workmate";
			};
			name = Debug;
		};
		4257CA01240C0FBE00B24B24 /* Release */ = {
			isa = XCBuildConfiguration;
			buildSettings = {
				ALWAYS_EMBED_SWIFT_STANDARD_LIBRARIES = YES;
				BUNDLE_LOADER = "$(TEST_HOST)";
				CODE_SIGN_STYLE = Automatic;
				INFOPLIST_FILE = WorkmateTests/Info.plist;
				IPHONEOS_DEPLOYMENT_TARGET = 13.2;
				LD_RUNPATH_SEARCH_PATHS = (
					"$(inherited)",
					"@executable_path/Frameworks",
					"@loader_path/Frameworks",
				);
				PRODUCT_BUNDLE_IDENTIFIER = com.workmate.dev.WorkmateTests;
				PRODUCT_NAME = "$(TARGET_NAME)";
				SWIFT_VERSION = 5.0;
				TARGETED_DEVICE_FAMILY = "1,2";
				TEST_HOST = "$(BUILT_PRODUCTS_DIR)/Workmate.app/Workmate";
			};
			name = Release;
		};
/* End XCBuildConfiguration section */

/* Begin XCConfigurationList section */
		4257C9D8240C0FBD00B24B24 /* Build configuration list for PBXProject "Workmate" */ = {
			isa = XCConfigurationList;
			buildConfigurations = (
				4257C9FA240C0FBE00B24B24 /* Debug */,
				4257C9FB240C0FBE00B24B24 /* Release */,
			);
			defaultConfigurationIsVisible = 0;
			defaultConfigurationName = Release;
		};
		4257C9FC240C0FBE00B24B24 /* Build configuration list for PBXNativeTarget "Workmate" */ = {
			isa = XCConfigurationList;
			buildConfigurations = (
				4257C9FD240C0FBE00B24B24 /* Debug */,
				4257C9FE240C0FBE00B24B24 /* Release */,
			);
			defaultConfigurationIsVisible = 0;
			defaultConfigurationName = Release;
		};
		4257C9FF240C0FBE00B24B24 /* Build configuration list for PBXNativeTarget "WorkmateTests" */ = {
			isa = XCConfigurationList;
			buildConfigurations = (
				4257CA00240C0FBE00B24B24 /* Debug */,
				4257CA01240C0FBE00B24B24 /* Release */,
			);
			defaultConfigurationIsVisible = 0;
			defaultConfigurationName = Release;
		};
/* End XCConfigurationList section */
	};
	rootObject = 4257C9D5240C0FBD00B24B24 /* Project object */;
}
